// !$*UTF8*$!
{
	archiveVersion = 1;
	classes = {
	};
	objectVersion = 77;
	objects = {

/* Begin PBXBuildFile section */
		ED0000000000000000000101 /* EDSDK.framework in Frameworks */ = {isa = PBXBuildFile; fileRef = ED0000000000000000000001 /* EDSDK.framework */; };
		ED0000000000000000000102 /* EDSDK.framework in Embed Frameworks */ = {isa = PBXBuildFile; fileRef = ED0000000000000000000001 /* EDSDK.framework */; settings = {ATTRIBUTES = (CodeSignOnCopy, RemoveHeadersOnCopy, ); }; };
		ED0000000000000000000302 /* libCr_Core.dylib in Embed Frameworks */ = {isa = PBXBuildFile; fileRef = ED0000000000000000000301 /* libCr_Core.dylib */; settings = {ATTRIBUTES = (CodeSignOnCopy, ); }; };
		ED0000000000000000000304 /* libmonitor_protocol.dylib in Embed Frameworks */ = {isa = PBXBuildFile; fileRef = ED0000000000000000000303 /* libmonitor_protocol.dylib */; settings = {ATTRIBUTES = (CodeSignOnCopy, ); }; };
		ED0000000000000000000306 /* libmonitor_protocol_pf.dylib in Embed Frameworks */ = {isa = PBXBuildFile; fileRef = ED0000000000000000000305 /* libmonitor_protocol_pf.dylib */; settings = {ATTRIBUTES = (CodeSignOnCopy, ); }; };
		ED0000000000000000000401 /* libCr_PTP_IP.dylib in Embed CrAdapter */ = {isa = PBXBuildFile; fileRef = ED0000000000000000000307 /* libCr_PTP_IP.dylib */; settings = {ATTRIBUTES = (CodeSignOnCopy, ); }; };
		ED0000000000000000000402 /* libCr_PTP_USB.dylib in Embed CrAdapter */ = {isa = PBXBuildFile; fileRef = ED0000000000000000000309 /* libCr_PTP_USB.dylib */; settings = {ATTRIBUTES = (CodeSignOnCopy, ); }; };
		ED0000000000000000000403 /* libusb-1.0.0.dylib in Embed CrAdapter */ = {isa = PBXBuildFile; fileRef = ED000000000000000000030B /* libusb-1.0.0.dylib */; settings = {ATTRIBUTES = (CodeSignOnCopy, ); }; };
		ED0000000000000000000404 /* libssh2.dylib in Embed CrAdapter */ = {isa = PBXBuildFile; fileRef = ED000000000000000000030D /* libssh2.dylib */; settings = {ATTRIBUTES = (CodeSignOnCopy, ); }; };
/* End PBXBuildFile section */

/* Begin PBXCopyFilesBuildPhase section */
		ED0000000000000000000201 /* Embed Frameworks */ = {
			isa = PBXCopyFilesBuildPhase;
			buildActionMask = 2147483647;
			dstPath = "";
			dstSubfolderSpec = 10;
			files = (
				ED0000000000000000000102 /* EDSDK.framework in Embed Frameworks */,
				ED0000000000000000000302 /* libCr_Core.dylib in Embed Frameworks */,
				ED0000000000000000000304 /* libmonitor_protocol.dylib in Embed Frameworks */,
				ED0000000000000000000306 /* libmonitor_protocol_pf.dylib in Embed Frameworks */,
			);
			name = "Embed Frameworks";
			runOnlyForDeploymentPostprocessing = 0;
		};
		ED0000000000000000000400 /* Embed CrAdapter */ = {
			isa = PBXCopyFilesBuildPhase;
			buildActionMask = 2147483647;
			dstPath = CrAdapter;
			dstSubfolderSpec = 10;
			files = (
				ED0000000000000000000401 /* libCr_PTP_IP.dylib in Embed CrAdapter */,
				ED0000000000000000000402 /* libCr_PTP_USB.dylib in Embed CrAdapter */,
				ED0000000000000000000403 /* libusb-1.0.0.dylib in Embed CrAdapter */,
				ED0000000000000000000404 /* libssh2.dylib in Embed CrAdapter */,
			);
			name = "Embed CrAdapter";
			runOnlyForDeploymentPostprocessing = 0;
		};
/* End PBXCopyFilesBuildPhase section */

/* Begin PBXFileReference section */
		8B779BAA3006A2DE0084F5F7 /* NotulensaApp.app */ = {isa = PBXFileReference; explicitFileType = wrapper.application; includeInIndex = 0; path = NotulensaApp.app; sourceTree = BUILT_PRODUCTS_DIR; };
		ED0000000000000000000001 /* EDSDK.framework */ = {isa = PBXFileReference; lastKnownFileType = wrapper.framework; name = EDSDK.framework; path = Vendor/EDSDK.framework; sourceTree = "<group>"; };
		ED0000000000000000000301 /* libCr_Core.dylib */ = {isa = PBXFileReference; lastKnownFileType = "compiled.mach-o.dylib"; name = libCr_Core.dylib; path = Vendor/CrSDK/lib/libCr_Core.dylib; sourceTree = "<group>"; };
		ED0000000000000000000303 /* libmonitor_protocol.dylib */ = {isa = PBXFileReference; lastKnownFileType = "compiled.mach-o.dylib"; name = libmonitor_protocol.dylib; path = Vendor/CrSDK/lib/libmonitor_protocol.dylib; sourceTree = "<group>"; };
		ED0000000000000000000305 /* libmonitor_protocol_pf.dylib */ = {isa = PBXFileReference; lastKnownFileType = "compiled.mach-o.dylib"; name = libmonitor_protocol_pf.dylib; path = Vendor/CrSDK/lib/libmonitor_protocol_pf.dylib; sourceTree = "<group>"; };
		ED0000000000000000000307 /* libCr_PTP_IP.dylib */ = {isa = PBXFileReference; lastKnownFileType = "compiled.mach-o.dylib"; name = libCr_PTP_IP.dylib; path = Vendor/CrSDK/lib/libCr_PTP_IP.dylib; sourceTree = "<group>"; };
		ED0000000000000000000309 /* libCr_PTP_USB.dylib */ = {isa = PBXFileReference; lastKnownFileType = "compiled.mach-o.dylib"; name = libCr_PTP_USB.dylib; path = Vendor/CrSDK/lib/libCr_PTP_USB.dylib; sourceTree = "<group>"; };
		ED000000000000000000030B /* libusb-1.0.0.dylib */ = {isa = PBXFileReference; lastKnownFileType = "compiled.mach-o.dylib"; name = "libusb-1.0.0.dylib"; path = "Vendor/CrSDK/lib/libusb-1.0.0.dylib"; sourceTree = "<group>"; };
		ED000000000000000000030D /* libssh2.dylib */ = {isa = PBXFileReference; lastKnownFileType = "compiled.mach-o.dylib"; name = libssh2.dylib; path = Vendor/CrSDK/lib/libssh2.dylib; sourceTree = "<group>"; };
/* End PBXFileReference section */

/* Begin PBXFileSystemSynchronizedRootGroup section */
		8B779BAC3006A2DE0084F5F7 /* NotulensaApp */ = {
			isa = PBXFileSystemSynchronizedRootGroup;
			path = NotulensaApp;
			sourceTree = "<group>";
		};
/* End PBXFileSystemSynchronizedRootGroup section */

/* Begin PBXFrameworksBuildPhase section */
		8B779BA73006A2DE0084F5F7 /* Frameworks */ = {
			isa = PBXFrameworksBuildPhase;
			buildActionMask = 2147483647;
			files = (
				ED0000000000000000000101 /* EDSDK.framework in Frameworks */,
			);
			runOnlyForDeploymentPostprocessing = 0;
		};
/* End PBXFrameworksBuildPhase section */

/* Begin PBXGroup section */
		8B779BA13006A2DE0084F5F7 = {
			isa = PBXGroup;
			children = (
				8B779BAC3006A2DE0084F5F7 /* NotulensaApp */,
				ED0000000000000000000001 /* EDSDK.framework */,
				ED0000000000000000000301 /* libCr_Core.dylib */,
				ED0000000000000000000303 /* libmonitor_protocol.dylib */,
				ED0000000000000000000305 /* libmonitor_protocol_pf.dylib */,
				ED0000000000000000000307 /* libCr_PTP_IP.dylib */,
				ED0000000000000000000309 /* libCr_PTP_USB.dylib */,
				ED000000000000000000030B /* libusb-1.0.0.dylib */,
				ED000000000000000000030D /* libssh2.dylib */,
				8B779BAB3006A2DE0084F5F7 /* Products */,
			);
			sourceTree = "<group>";
		};
		8B779BAB3006A2DE0084F5F7 /* Products */ = {
			isa = PBXGroup;
			children = (
				8B779BAA3006A2DE0084F5F7 /* NotulensaApp.app */,
			);
			name = Products;
			sourceTree = "<group>";
		};
/* End PBXGroup section */

/* Begin PBXNativeTarget section */
		8B779BA93006A2DE0084F5F7 /* NotulensaApp */ = {
			isa = PBXNativeTarget;
			buildConfigurationList = 8B779BB53006A2DF0084F5F7 /* Build configuration list for PBXNativeTarget "NotulensaApp" */;
			buildPhases = (
				8B779BA63006A2DE0084F5F7 /* Sources */,
				8B779BA73006A2DE0084F5F7 /* Frameworks */,
				8B779BA83006A2DE0084F5F7 /* Resources */,
				ED0000000000000000000201 /* Embed Frameworks */,
				ED0000000000000000000400 /* Embed CrAdapter */,
			);
			buildRules = (
			);
			dependencies = (
			);
			fileSystemSynchronizedGroups = (
				8B779BAC3006A2DE0084F5F7 /* NotulensaApp */,
			);
			name = NotulensaApp;
			packageProductDependencies = (
			);
			productName = NotulensaApp;
			productReference = 8B779BAA3006A2DE0084F5F7 /* NotulensaApp.app */;
			productType = "com.apple.product-type.application";
		};
/* End PBXNativeTarget section */

/* Begin PBXProject section */
		8B779BA23006A2DE0084F5F7 /* Project object */ = {
			isa = PBXProject;
			attributes = {
				BuildIndependentTargetsInParallel = 1;
				LastSwiftUpdateCheck = 2660;
				LastUpgradeCheck = 2660;
				TargetAttributes = {
					8B779BA93006A2DE0084F5F7 = {
						CreatedOnToolsVersion = 26.6;
					};
				};
			};
			buildConfigurationList = 8B779BA53006A2DE0084F5F7 /* Build configuration list for PBXProject "NotulensaApp" */;
			developmentRegion = en;
			hasScannedForEncodings = 0;
			knownRegions = (
				en,
				Base,
			);
			mainGroup = 8B779BA13006A2DE0084F5F7;
			minimizedProjectReferenceProxies = 1;
			preferredProjectObjectVersion = 77;
			productRefGroup = 8B779BAB3006A2DE0084F5F7 /* Products */;
			projectDirPath = "";
			projectRoot = "";
			targets = (
				8B779BA93006A2DE0084F5F7 /* NotulensaApp */,
			);
		};
/* End PBXProject section */

/* Begin PBXResourcesBuildPhase section */
		8B779BA83006A2DE0084F5F7 /* Resources */ = {
			isa = PBXResourcesBuildPhase;
			buildActionMask = 2147483647;
			files = (
			);
			runOnlyForDeploymentPostprocessing = 0;
		};
/* End PBXResourcesBuildPhase section */

/* Begin PBXSourcesBuildPhase section */
		8B779BA63006A2DE0084F5F7 /* Sources */ = {
			isa = PBXSourcesBuildPhase;
			buildActionMask = 2147483647;
			files = (
			);
			runOnlyForDeploymentPostprocessing = 0;
		};
/* End PBXSourcesBuildPhase section */

/* Begin XCBuildConfiguration section */
		8B779BB33006A2DF0084F5F7 /* Debug */ = {
			isa = XCBuildConfiguration;
			buildSettings = {
				ALWAYS_SEARCH_USER_PATHS = NO;
				ASSETCATALOG_COMPILER_GENERATE_SWIFT_ASSET_SYMBOL_EXTENSIONS = YES;
				CLANG_ANALYZER_NONNULL = YES;
				CLANG_ANALYZER_NUMBER_OBJECT_CONVERSION = YES_AGGRESSIVE;
				CLANG_CXX_LANGUAGE_STANDARD = "gnu++20";
				CLANG_ENABLE_MODULES = YES;
				CLANG_ENABLE_OBJC_ARC = YES;
				CLANG_ENABLE_OBJC_WEAK = YES;
				CLANG_WARN_BLOCK_CAPTURE_AUTORELEASING = YES;
				CLANG_WARN_BOOL_CONVERSION = YES;
				CLANG_WARN_COMMA = YES;
				CLANG_WARN_CONSTANT_CONVERSION = YES;
				CLANG_WARN_DEPRECATED_OBJC_IMPLEMENTATIONS = YES;
				CLANG_WARN_DIRECT_OBJC_ISA_USAGE = YES_ERROR;
				CLANG_WARN_DOCUMENTATION_COMMENTS = YES;
				CLANG_WARN_EMPTY_BODY = YES;
				CLANG_WARN_ENUM_CONVERSION = YES;
				CLANG_WARN_INFINITE_RECURSION = YES;
				CLANG_WARN_INT_CONVERSION = YES;
				CLANG_WARN_NON_LITERAL_NULL_CONVERSION = YES;
				CLANG_WARN_OBJC_IMPLICIT_RETAIN_SELF = YES;
				CLANG_WARN_OBJC_LITERAL_CONVERSION = YES;
				CLANG_WARN_OBJC_ROOT_CLASS = YES_ERROR;
				CLANG_WARN_QUOTED_INCLUDE_IN_FRAMEWORK_HEADER = YES;
				CLANG_WARN_RANGE_LOOP_ANALYSIS = YES;
				CLANG_WARN_STRICT_PROTOTYPES = YES;
				CLANG_WARN_SUSPICIOUS_MOVE = YES;
				CLANG_WARN_UNGUARDED_AVAILABILITY = YES_AGGRESSIVE;
				CLANG_WARN_UNREACHABLE_CODE = YES;
				CLANG_WARN__DUPLICATE_METHOD_MATCH = YES;
				COPY_PHASE_STRIP = NO;
				DEBUG_INFORMATION_FORMAT = dwarf;
				DEVELOPMENT_TEAM = ADG5HAH3PS;
				ENABLE_STRICT_OBJC_MSGSEND = YES;
				ENABLE_TESTABILITY = YES;
				ENABLE_USER_SCRIPT_SANDBOXING = YES;
				GCC_C_LANGUAGE_STANDARD = gnu17;
				GCC_DYNAMIC_NO_PIC = NO;
				GCC_NO_COMMON_BLOCKS = YES;
				GCC_OPTIMIZATION_LEVEL = 0;
				GCC_PREPROCESSOR_DEFINITIONS = (
					"DEBUG=1",
					"$(inherited)",
				);
				GCC_WARN_64_TO_32_BIT_CONVERSION = YES;
				GCC_WARN_ABOUT_RETURN_TYPE = YES_ERROR;
				GCC_WARN_UNDECLARED_SELECTOR = YES;
				GCC_WARN_UNINITIALIZED_AUTOS = YES_AGGRESSIVE;
				GCC_WARN_UNUSED_FUNCTION = YES;
				GCC_WARN_UNUSED_VARIABLE = YES;
				LOCALIZATION_PREFERS_STRING_CATALOGS = YES;
				MTL_ENABLE_DEBUG_INFO = INCLUDE_SOURCE;
				MTL_FAST_MATH = YES;
				ONLY_ACTIVE_ARCH = YES;
				SWIFT_ACTIVE_COMPILATION_CONDITIONS = "DEBUG $(inherited)";
				SWIFT_OPTIMIZATION_LEVEL = "-Onone";
			};
			name = Debug;
		};
		8B779BB43006A2DF0084F5F7 /* Release */ = {
			isa = XCBuildConfiguration;
			buildSettings = {
				ALWAYS_SEARCH_USER_PATHS = NO;
				ASSETCATALOG_COMPILER_GENERATE_SWIFT_ASSET_SYMBOL_EXTENSIONS = YES;
				CLANG_ANALYZER_NONNULL = YES;
				CLANG_ANALYZER_NUMBER_OBJECT_CONVERSION = YES_AGGRESSIVE;
				CLANG_CXX_LANGUAGE_STANDARD = "gnu++20";
				CLANG_ENABLE_MODULES = YES;
				CLANG_ENABLE_OBJC_ARC = YES;
				CLANG_ENABLE_OBJC_WEAK = YES;
				CLANG_WARN_BLOCK_CAPTURE_AUTORELEASING = YES;
				CLANG_WARN_BOOL_CONVERSION = YES;
				CLANG_WARN_COMMA = YES;
				CLANG_WARN_CONSTANT_CONVERSION = YES;
				CLANG_WARN_DEPRECATED_OBJC_IMPLEMENTATIONS = YES;
				CLANG_WARN_DIRECT_OBJC_ISA_USAGE = YES_ERROR;
				CLANG_WARN_DOCUMENTATION_COMMENTS = YES;
				CLANG_WARN_EMPTY_BODY = YES;
				CLANG_WARN_ENUM_CONVERSION = YES;
				CLANG_WARN_INFINITE_RECURSION = YES;
				CLANG_WARN_INT_CONVERSION = YES;
				CLANG_WARN_NON_LITERAL_NULL_CONVERSION = YES;
				CLANG_WARN_OBJC_IMPLICIT_RETAIN_SELF = YES;
				CLANG_WARN_OBJC_LITERAL_CONVERSION = YES;
				CLANG_WARN_OBJC_ROOT_CLASS = YES_ERROR;
				CLANG_WARN_QUOTED_INCLUDE_IN_FRAMEWORK_HEADER = YES;
				CLANG_WARN_RANGE_LOOP_ANALYSIS = YES;
				CLANG_WARN_STRICT_PROTOTYPES = YES;
				CLANG_WARN_SUSPICIOUS_MOVE = YES;
				CLANG_WARN_UNGUARDED_AVAILABILITY = YES_AGGRESSIVE;
				CLANG_WARN_UNREACHABLE_CODE = YES;
				CLANG_WARN__DUPLICATE_METHOD_MATCH = YES;
				COPY_PHASE_STRIP = NO;
				DEBUG_INFORMATION_FORMAT = "dwarf-with-dsym";
				DEVELOPMENT_TEAM = ADG5HAH3PS;
				ENABLE_NS_ASSERTIONS = NO;
				ENABLE_STRICT_OBJC_MSGSEND = YES;
				ENABLE_USER_SCRIPT_SANDBOXING = YES;
				GCC_C_LANGUAGE_STANDARD = gnu17;
				GCC_NO_COMMON_BLOCKS = YES;
				GCC_WARN_64_TO_32_BIT_CONVERSION = YES;
				GCC_WARN_ABOUT_RETURN_TYPE = YES_ERROR;
				GCC_WARN_UNDECLARED_SELECTOR = YES;
				GCC_WARN_UNINITIALIZED_AUTOS = YES_AGGRESSIVE;
				GCC_WARN_UNUSED_FUNCTION = YES;
				GCC_WARN_UNUSED_VARIABLE = YES;
				LOCALIZATION_PREFERS_STRING_CATALOGS = YES;
				MTL_ENABLE_DEBUG_INFO = NO;
				MTL_FAST_MATH = YES;
				SWIFT_COMPILATION_MODE = wholemodule;
			};
			name = Release;
		};
		8B779BB63006A2DF0084F5F7 /* Debug */ = {
			isa = XCBuildConfiguration;
			buildSettings = {
				ASSETCATALOG_COMPILER_APPICON_NAME = AppIcon;
				ASSETCATALOG_COMPILER_GLOBAL_ACCENT_COLOR_NAME = AccentColor;
				CODE_SIGN_ENTITLEMENTS = NotulensaApp/NotulensaApp.entitlements;
				CODE_SIGN_STYLE = Automatic;
				CURRENT_PROJECT_VERSION = 1;
				DEVELOPMENT_TEAM = ADG5HAH3PS;
				ENABLE_APP_SANDBOX = YES;
				ENABLE_HARDENED_RUNTIME = YES;
				ENABLE_PREVIEWS = YES;
				ENABLE_USER_SELECTED_FILES = readonly;
				FRAMEWORK_SEARCH_PATHS = "$(PROJECT_DIR)/Vendor";
				GENERATE_INFOPLIST_FILE = YES;
				HEADER_SEARCH_PATHS = (
					"$(PROJECT_DIR)/Vendor/EDSDKHeaders",
					"$(PROJECT_DIR)/Vendor/CrSDK/include",
				);
				INFOPLIST_KEY_NSCameraUsageDescription = "Photobooth needs the camera to take photos during a session.";
				"INFOPLIST_KEY_UIApplicationSceneManifest_Generation[sdk=iphoneos*]" = YES;
				"INFOPLIST_KEY_UIApplicationSceneManifest_Generation[sdk=iphonesimulator*]" = YES;
				"INFOPLIST_KEY_UIApplicationSupportsIndirectInputEvents[sdk=iphoneos*]" = YES;
				"INFOPLIST_KEY_UIApplicationSupportsIndirectInputEvents[sdk=iphonesimulator*]" = YES;
				"INFOPLIST_KEY_UILaunchScreen_Generation[sdk=iphoneos*]" = YES;
				"INFOPLIST_KEY_UILaunchScreen_Generation[sdk=iphonesimulator*]" = YES;
				"INFOPLIST_KEY_UIStatusBarStyle[sdk=iphoneos*]" = UIStatusBarStyleDefault;
				"INFOPLIST_KEY_UIStatusBarStyle[sdk=iphonesimulator*]" = UIStatusBarStyleDefault;
				INFOPLIST_KEY_UISupportedInterfaceOrientations_iPad = "UIInterfaceOrientationPortrait UIInterfaceOrientationPortraitUpsideDown UIInterfaceOrientationLandscapeLeft UIInterfaceOrientationLandscapeRight";
				INFOPLIST_KEY_UISupportedInterfaceOrientations_iPhone = "UIInterfaceOrientationPortrait UIInterfaceOrientationLandscapeLeft UIInterfaceOrientationLandscapeRight";
				IPHONEOS_DEPLOYMENT_TARGET = 26.5;
				LD_RUNPATH_SEARCH_PATHS = "@executable_path/Frameworks";
				"LD_RUNPATH_SEARCH_PATHS[sdk=macosx*]" = "@executable_path/../Frameworks";
				LIBRARY_SEARCH_PATHS = "$(PROJECT_DIR)/Vendor/CrSDK/lib";
				MACOSX_DEPLOYMENT_TARGET = 13.0;
				MARKETING_VERSION = 1.0;
				OTHER_LDFLAGS = (
					"-lCr_Core",
					"-lmonitor_protocol",
					"-lmonitor_protocol_pf",
				);
				PRODUCT_BUNDLE_IDENTIFIER = mansur.NotulensaApp;
				PRODUCT_NAME = "$(TARGET_NAME)";
				REGISTER_APP_GROUPS = YES;
				SDKROOT = auto;
				STRING_CATALOG_GENERATE_SYMBOLS = YES;
				SUPPORTED_PLATFORMS = macosx;
				SWIFT_APPROACHABLE_CONCURRENCY = YES;
				SWIFT_DEFAULT_ACTOR_ISOLATION = MainActor;
				SWIFT_EMIT_LOC_STRINGS = YES;
				SWIFT_OBJC_BRIDGING_HEADER = "NotulensaApp/NotulensaApp-Bridging-Header.h";
				SWIFT_UPCOMING_FEATURE_MEMBER_IMPORT_VISIBILITY = YES;
				SWIFT_VERSION = 5.0;
				TARGETED_DEVICE_FAMILY = "1,2,7";
				XROS_DEPLOYMENT_TARGET = 26.5;
			};
			name = Debug;
		};
		8B779BB73006A2DF0084F5F7 /* Release */ = {
			isa = XCBuildConfiguration;
			buildSettings = {
				ASSETCATALOG_COMPILER_APPICON_NAME = AppIcon;
				ASSETCATALOG_COMPILER_GLOBAL_ACCENT_COLOR_NAME = AccentColor;
				CODE_SIGN_ENTITLEMENTS = NotulensaApp/NotulensaApp.entitlements;
				CODE_SIGN_STYLE = Automatic;
				CURRENT_PROJECT_VERSION = 1;
				DEVELOPMENT_TEAM = ADG5HAH3PS;
				ENABLE_APP_SANDBOX = YES;
				ENABLE_HARDENED_RUNTIME = YES;
				ENABLE_PREVIEWS = YES;
				ENABLE_USER_SELECTED_FILES = readonly;
				FRAMEWORK_SEARCH_PATHS = "$(PROJECT_DIR)/Vendor";
				GENERATE_INFOPLIST_FILE = YES;
				HEADER_SEARCH_PATHS = (
					"$(PROJECT_DIR)/Vendor/EDSDKHeaders",
					"$(PROJECT_DIR)/Vendor/CrSDK/include",
				);
				INFOPLIST_KEY_NSCameraUsageDescription = "Photobooth needs the camera to take photos during a session.";
				"INFOPLIST_KEY_UIApplicationSceneManifest_Generation[sdk=iphoneos*]" = YES;
				"INFOPLIST_KEY_UIApplicationSceneManifest_Generation[sdk=iphonesimulator*]" = YES;
				"INFOPLIST_KEY_UIApplicationSupportsIndirectInputEvents[sdk=iphoneos*]" = YES;
				"INFOPLIST_KEY_UIApplicationSupportsIndirectInputEvents[sdk=iphonesimulator*]" = YES;
				"INFOPLIST_KEY_UILaunchScreen_Generation[sdk=iphoneos*]" = YES;
				"INFOPLIST_KEY_UILaunchScreen_Generation[sdk=iphonesimulator*]" = YES;
				"INFOPLIST_KEY_UIStatusBarStyle[sdk=iphoneos*]" = UIStatusBarStyleDefault;
				"INFOPLIST_KEY_UIStatusBarStyle[sdk=iphonesimulator*]" = UIStatusBarStyleDefault;
				INFOPLIST_KEY_UISupportedInterfaceOrientations_iPad = "UIInterfaceOrientationPortrait UIInterfaceOrientationPortraitUpsideDown UIInterfaceOrientationLandscapeLeft UIInterfaceOrientationLandscapeRight";
				INFOPLIST_KEY_UISupportedInterfaceOrientations_iPhone = "UIInterfaceOrientationPortrait UIInterfaceOrientationLandscapeLeft UIInterfaceOrientationLandscapeRight";
				IPHONEOS_DEPLOYMENT_TARGET = 26.5;
				LD_RUNPATH_SEARCH_PATHS = "@executable_path/Frameworks";
				"LD_RUNPATH_SEARCH_PATHS[sdk=macosx*]" = "@executable_path/../Frameworks";
				LIBRARY_SEARCH_PATHS = "$(PROJECT_DIR)/Vendor/CrSDK/lib";
				MACOSX_DEPLOYMENT_TARGET = 13.0;
				MARKETING_VERSION = 1.0;
				OTHER_LDFLAGS = (
					"-lCr_Core",
					"-lmonitor_protocol",
					"-lmonitor_protocol_pf",
				);
				PRODUCT_BUNDLE_IDENTIFIER = mansur.NotulensaApp;
				PRODUCT_NAME = "$(TARGET_NAME)";
				REGISTER_APP_GROUPS = YES;
				SDKROOT = auto;
				STRING_CATALOG_GENERATE_SYMBOLS = YES;
				SUPPORTED_PLATFORMS = macosx;
				SWIFT_APPROACHABLE_CONCURRENCY = YES;
				SWIFT_DEFAULT_ACTOR_ISOLATION = MainActor;
				SWIFT_EMIT_LOC_STRINGS = YES;
				SWIFT_OBJC_BRIDGING_HEADER = "NotulensaApp/NotulensaApp-Bridging-Header.h";
				SWIFT_UPCOMING_FEATURE_MEMBER_IMPORT_VISIBILITY = YES;
				SWIFT_VERSION = 5.0;
				TARGETED_DEVICE_FAMILY = "1,2,7";
				XROS_DEPLOYMENT_TARGET = 26.5;
			};
			name = Release;
		};
/* End XCBuildConfiguration section */

/* Begin XCConfigurationList section */
		8B779BA53006A2DE0084F5F7 /* Build configuration list for PBXProject "NotulensaApp" */ = {
			isa = XCConfigurationList;
			buildConfigurations = (
				8B779BB33006A2DF0084F5F7 /* Debug */,
				8B779BB43006A2DF0084F5F7 /* Release */,
			);
			defaultConfigurationIsVisible = 0;
			defaultConfigurationName = Release;
		};
		8B779BB53006A2DF0084F5F7 /* Build configuration list for PBXNativeTarget "NotulensaApp" */ = {
			isa = XCConfigurationList;
			buildConfigurations = (
				8B779BB63006A2DF0084F5F7 /* Debug */,
				8B779BB73006A2DF0084F5F7 /* Release */,
			);
			defaultConfigurationIsVisible = 0;
			defaultConfigurationName = Release;
		};
/* End XCConfigurationList section */
	};
	rootObject = 8B779BA23006A2DE0084F5F7 /* Project object */;
}
